
Microsoft Visual Studio Solution File, Format Version 12.00
# Visual Studio Version 16
VisualStudioVersion = 16.0.36631.11
MinimumVisualStudioVersion = 10.0.40219.1
Project("{8BC9CEB8-8B4A-11D0-8D11-00A0C91BC942}") = "velopack_sample", "velopack_sample\velopack_sample.vcxproj", "{E8A045EB-EB89-4C0A-A9DF-4EBC9C702E0F}"
EndProject
Global
	GlobalSection(SolutionConfigurationPlatforms) = preSolution
		Debug|x64 = Debug|x64
		Release|x64 = Release|x64
	EndGlobalSection
	GlobalSection(ProjectConfigurationPlatforms) = postSolution
		{E8A045EB-EB89-4C0A-A9DF-4EBC9C702E0F}.Debug|x64.ActiveCfg = Debug|x64
		{E8A045EB-EB89-4C0A-A9DF-4EBC9C702E0F}.Debug|x64.Build.0 = Debug|x64
		{E8A045EB-EB89-4C0A-A9DF-4EBC9C702E0F}.Release|x64.ActiveCfg = Release|x64
		{E8A045EB-EB89-4C0A-A9DF-4EBC9C702E0F}.Release|x64.Build.0 = Release|x64
	EndGlobalSection
	GlobalSection(SolutionProperties) = preSolution
		HideSolutionNode = FALSE
	EndGlobalSection
	GlobalSection(ExtensibilityGlobals) = postSolution
		SolutionGuid = {4870F9A1-5346-4058-A8BC-93D22D49EE35}
	EndGlobalSection
EndGlobal
